// !$*UTF8*$!
{
	archiveVersion = 1;
	classes = {
	};
	objectVersion = 46;
	objects = {

/* Begin PBXBuildFile section */
		2626B2DD1D9800E900A39C89 /* main.m in Sources */ = {isa = PBXBuildFile; fileRef = 2626B2DC1D9800E900A39C89 /* main.m */; };
		2626B2E01D9800E900A39C89 /* AppDelegate.m in Sources */ = {isa = PBXBuildFile; fileRef = 2626B2DF1D9800E900A39C89 /* AppDelegate.m */; };
		2626B2E31D9800E900A39C89 /* ViewController.m in Sources */ = {isa = PBXBuildFile; fileRef = 2626B2E21D9800E900A39C89 /* ViewController.m */; };
		2626B2E61D9800E900A39C89 /* Main.storyboard in Resources */ = {isa = PBXBuildFile; fileRef = 2626B2E41D9800E900A39C89 /* Main.storyboard */; };
		2626B2E81D9800E900A39C89 /* Assets.xcassets in Resources */ = {isa = PBXBuildFile; fileRef = 2626B2E71D9800E900A39C89 /* Assets.xcassets */; };
		2626B2EB1D9800E900A39C89 /* LaunchScreen.storyboard in Resources */ = {isa = PBXBuildFile; fileRef = 2626B2E91D9800E900A39C89 /* LaunchScreen.storyboard */; };
		2626B2F61D9800E900A39C89 /* JXHomepwnerTests.m in Sources */ = {isa = PBXBuildFile; fileRef = 2626B2F51D9800E900A39C89 /* JXHomepwnerTests.m */; };
		2626B3011D9800E900A39C89 /* JXHomepwnerUITests.m in Sources */ = {isa = PBXBuildFile; fileRef = 2626B3001D9800E900A39C89 /* JXHomepwnerUITests.m */; };
		2626B3101D98052400A39C89 /* JXItemsViewController.m in Sources */ = {isa = PBXBuildFile; fileRef = 2626B30F1D98052400A39C89 /* JXItemsViewController.m */; };
		2626B3131D980A3000A39C89 /* JXItem.m in Sources */ = {isa = PBXBuildFile; fileRef = 2626B3121D980A3000A39C89 /* JXItem.m */; };
		2626B3161D980B2B00A39C89 /* JXItemStore.m in Sources */ = {isa = PBXBuildFile; fileRef = 2626B3151D980B2B00A39C89 /* JXItemStore.m */; };
		26F75CE61DA0001D00A045E4 /* JXDetailViewController.m in Sources */ = {isa = PBXBuildFile; fileRef = 26F75CE41DA0001D00A045E4 /* JXDetailViewController.m */; };
		26F75CE71DA0001D00A045E4 /* JXDetailViewController.xib in Resources */ = {isa = PBXBuildFile; fileRef = 26F75CE51DA0001D00A045E4 /* JXDetailViewController.xib */; };
/* End PBXBuildFile section */

/* Begin PBXContainerItemProxy section */
		2626B2F21D9800E900A39C89 /* PBXContainerItemProxy */ = {
			isa = PBXContainerItemProxy;
			containerPortal = 2626B2D01D9800E900A39C89 /* Project object */;
			proxyType = 1;
			remoteGlobalIDString = 2626B2D71D9800E900A39C89;
			remoteInfo = JXHomepwner;
		};
		2626B2FD1D9800E900A39C89 /* PBXContainerItemProxy */ = {
			isa = PBXContainerItemProxy;
			containerPortal = 2626B2D01D9800E900A39C89 /* Project object */;
			proxyType = 1;
			remoteGlobalIDString = 2626B2D71D9800E900A39C89;
			remoteInfo = JXHomepwner;
		};
/* End PBXContainerItemProxy section */

/* Begin PBXFileReference section */
		2626B2D81D9800E900A39C89 /* JXHomepwner.app */ = {isa = PBXFileReference; explicitFileType = wrapper.application; includeInIndex = 0; path = JXHomepwner.app; sourceTree = BUILT_PRODUCTS_DIR; };
		2626B2DC1D9800E900A39C89 /* main.m */ = {isa = PBXFileReference; lastKnownFileType = sourcecode.c.objc; path = main.m; sourceTree = "<group>"; };
		2626B2DE1D9800E900A39C89 /* AppDelegate.h */ = {isa = PBXFileReference; lastKnownFileType = sourcecode.c.h; path = AppDelegate.h; sourceTree = "<group>"; };
		2626B2DF1D9800E900A39C89 /* AppDelegate.m */ = {isa = PBXFileReference; lastKnownFileType = sourcecode.c.objc; path = AppDelegate.m; sourceTree = "<group>"; };
		2626B2E11D9800E900A39C89 /* ViewController.h */ = {isa = PBXFileReference; lastKnownFileType = sourcecode.c.h; path = ViewController.h; sourceTree = "<group>"; };
		2626B2E21D9800E900A39C89 /* ViewController.m */ = {isa = PBXFileReference; lastKnownFileType = sourcecode.c.objc; path = ViewController.m; sourceTree = "<group>"; };
		2626B2E51D9800E900A39C89 /* Base */ = {isa = PBXFileReference; lastKnownFileType = file.storyboard; name = Base; path = Base.lproj/Main.storyboard; sourceTree = "<group>"; };
		2626B2E71D9800E900A39C89 /* Assets.xcassets */ = {isa = PBXFileReference; lastKnownFileType = folder.assetcatalog; path = Assets.xcassets; sourceTree = "<group>"; };
		2626B2EA1D9800E900A39C89 /* Base */ = {isa = PBXFileReference; lastKnownFileType = file.storyboard; name = Base; path = Base.lproj/LaunchScreen.storyboard; sourceTree = "<group>"; };
		2626B2EC1D9800E900A39C89 /* Info.plist */ = {isa = PBXFileReference; lastKnownFileType = text.plist.xml; path = Info.plist; sourceTree = "<group>"; };
		2626B2F11D9800E900A39C89 /* JXHomepwnerTests.xctest */ = {isa = PBXFileReference; explicitFileType = wrapper.cfbundle; includeInIndex = 0; path = JXHomepwnerTests.xctest; sourceTree = BUILT_PRODUCTS_DIR; };
		2626B2F51D9800E900A39C89 /* JXHomepwnerTests.m */ = {isa = PBXFileReference; lastKnownFileType = sourcecode.c.objc; path = JXHomepwnerTests.m; sourceTree = "<group>"; };
		2626B2F71D9800E900A39C89 /* Info.plist */ = {isa = PBXFileReference; lastKnownFileType = text.plist.xml; path = Info.plist; sourceTree = "<group>"; };
		2626B2FC1D9800E900A39C89 /* JXHomepwnerUITests.xctest */ = {isa = PBXFileReference; explicitFileType = wrapper.cfbundle; includeInIndex = 0; path = JXHomepwnerUITests.xctest; sourceTree = BUILT_PRODUCTS_DIR; };
		2626B3001D9800E900A39C89 /* JXHomepwnerUITests.m */ = {isa = PBXFileReference; lastKnownFileType = sourcecode.c.objc; path = JXHomepwnerUITests.m; sourceTree = "<group>"; };
		2626B3021D9800E900A39C89 /* Info.plist */ = {isa = PBXFileReference; lastKnownFileType = text.plist.xml; path = Info.plist; sourceTree = "<group>"; };
		2626B30E1D98052400A39C89 /* JXItemsViewController.h */ = {isa = PBXFileReference; fileEncoding = 4; lastKnownFileType = sourcecode.c.h; path = JXItemsViewController.h; sourceTree = "<group>"; };
		2626B30F1D98052400A39C89 /* JXItemsViewController.m */ = {isa = PBXFileReference; fileEncoding = 4; lastKnownFileType = sourcecode.c.objc; path = JXItemsViewController.m; sourceTree = "<group>"; };
		2626B3111D980A3000A39C89 /* JXItem.h */ = {isa = PBXFileReference; fileEncoding = 4; lastKnownFileType = sourcecode.c.h; path = JXItem.h; sourceTree = "<group>"; };
		2626B3121D980A3000A39C89 /* JXItem.m */ = {isa = PBXFileReference; fileEncoding = 4; lastKnownFileType = sourcecode.c.objc; path = JXItem.m; sourceTree = "<group>"; };
		2626B3141D980B2B00A39C89 /* JXItemStore.h */ = {isa = PBXFileReference; fileEncoding = 4; lastKnownFileType = sourcecode.c.h; path = JXItemStore.h; sourceTree = "<group>"; };
		2626B3151D980B2B00A39C89 /* JXItemStore.m */ = {isa = PBXFileReference; fileEncoding = 4; lastKnownFileType = sourcecode.c.objc; path = JXItemStore.m; sourceTree = "<group>"; };
		26F75CE31DA0001D00A045E4 /* JXDetailViewController.h */ = {isa = PBXFileReference; fileEncoding = 4; lastKnownFileType = sourcecode.c.h; path = JXDetailViewController.h; sourceTree = "<group>"; };
		26F75CE41DA0001D00A045E4 /* JXDetailViewController.m */ = {isa = PBXFileReference; fileEncoding = 4; lastKnownFileType = sourcecode.c.objc; path = JXDetailViewController.m; sourceTree = "<group>"; };
		26F75CE51DA0001D00A045E4 /* JXDetailViewController.xib */ = {isa = PBXFileReference; fileEncoding = 4; lastKnownFileType = file.xib; path = JXDetailViewController.xib; sourceTree = "<group>"; };
/* End PBXFileReference section */

/* Begin PBXFrameworksBuildPhase section */
		2626B2D51D9800E900A39C89 /* Frameworks */ = {
			isa = PBXFrameworksBuildPhase;
			buildActionMask = 2147483647;
			files = (
			);
			runOnlyForDeploymentPostprocessing = 0;
		};
		2626B2EE1D9800E900A39C89 /* Frameworks */ = {
			isa = PBXFrameworksBuildPhase;
			buildActionMask = 2147483647;
			files = (
			);
			runOnlyForDeploymentPostprocessing = 0;
		};
		2626B2F91D9800E900A39C89 /* Frameworks */ = {
			isa = PBXFrameworksBuildPhase;
			buildActionMask = 2147483647;
			files = (
			);
			runOnlyForDeploymentPostprocessing = 0;
		};
/* End PBXFrameworksBuildPhase section */

/* Begin PBXGroup section */
		2626B2CF1D9800E900A39C89 = {
			isa = PBXGroup;
			children = (
				2626B2DA1D9800E900A39C89 /* JXHomepwner */,
				2626B2F41D9800E900A39C89 /* JXHomepwnerTests */,
				2626B2FF1D9800E900A39C89 /* JXHomepwnerUITests */,
				2626B2D91D9800E900A39C89 /* Products */,
			);
			sourceTree = "<group>";
		};
		2626B2D91D9800E900A39C89 /* Products */ = {
			isa = PBXGroup;
			children = (
				2626B2D81D9800E900A39C89 /* JXHomepwner.app */,
				2626B2F11D9800E900A39C89 /* JXHomepwnerTests.xctest */,
				2626B2FC1D9800E900A39C89 /* JXHomepwnerUITests.xctest */,
			);
			name = Products;
			sourceTree = "<group>";
		};
		2626B2DA1D9800E900A39C89 /* JXHomepwner */ = {
			isa = PBXGroup;
			children = (
				2626B2DE1D9800E900A39C89 /* AppDelegate.h */,
				2626B2DF1D9800E900A39C89 /* AppDelegate.m */,
				2626B2E11D9800E900A39C89 /* ViewController.h */,
				2626B2E21D9800E900A39C89 /* ViewController.m */,
				2626B30E1D98052400A39C89 /* JXItemsViewController.h */,
				2626B30F1D98052400A39C89 /* JXItemsViewController.m */,
				26F75CE31DA0001D00A045E4 /* JXDetailViewController.h */,
				26F75CE41DA0001D00A045E4 /* JXDetailViewController.m */,
				26F75CE51DA0001D00A045E4 /* JXDetailViewController.xib */,
				2626B3111D980A3000A39C89 /* JXItem.h */,
				2626B3121D980A3000A39C89 /* JXItem.m */,
				2626B3141D980B2B00A39C89 /* JXItemStore.h */,
				2626B3151D980B2B00A39C89 /* JXItemStore.m */,
				2626B2E41D9800E900A39C89 /* Main.storyboard */,
				2626B2E71D9800E900A39C89 /* Assets.xcassets */,
				2626B2E91D9800E900A39C89 /* LaunchScreen.storyboard */,
				2626B2EC1D9800E900A39C89 /* Info.plist */,
				2626B2DB1D9800E900A39C89 /* Supporting Files */,
			);
			path = JXHomepwner;
			sourceTree = "<group>";
		};
		2626B2DB1D9800E900A39C89 /* Supporting Files */ = {
			isa = PBXGroup;
			children = (
				2626B2DC1D9800E900A39C89 /* main.m */,
			);
			name = "Supporting Files";
			sourceTree = "<group>";
		};
		2626B2F41D9800E900A39C89 /* JXHomepwnerTests */ = {
			isa = PBXGroup;
			children = (
				2626B2F51D9800E900A39C89 /* JXHomepwnerTests.m */,
				2626B2F71D9800E900A39C89 /* Info.plist */,
			);
			path = JXHomepwnerTests;
			sourceTree = "<group>";
		};
		2626B2FF1D9800E900A39C89 /* JXHomepwnerUITests */ = {
			isa = PBXGroup;
			children = (
				2626B3001D9800E900A39C89 /* JXHomepwnerUITests.m */,
				2626B3021D9800E900A39C89 /* Info.plist */,
			);
			path = JXHomepwnerUITests;
			sourceTree = "<group>";
		};
/* End PBXGroup section */

/* Begin PBXNativeTarget section */
		2626B2D71D9800E900A39C89 /* JXHomepwner */ = {
			isa = PBXNativeTarget;
			buildConfigurationList = 2626B3051D9800E900A39C89 /* Build configuration list for PBXNativeTarget "JXHomepwner" */;
			buildPhases = (
				2626B2D41D9800E900A39C89 /* Sources */,
				2626B2D51D9800E900A39C89 /* Frameworks */,
				2626B2D61D9800E900A39C89 /* Resources */,
			);
			buildRules = (
			);
			dependencies = (
			);
			name = JXHomepwner;
			productName = JXHomepwner;
			productReference = 2626B2D81D9800E900A39C89 /* JXHomepwner.app */;
			productType = "com.apple.product-type.application";
		};
		2626B2F01D9800E900A39C89 /* JXHomepwnerTests */ = {
			isa = PBXNativeTarget;
			buildConfigurationList = 2626B3081D9800E900A39C89 /* Build configuration list for PBXNativeTarget "JXHomepwnerTests" */;
			buildPhases = (
				2626B2ED1D9800E900A39C89 /* Sources */,
				2626B2EE1D9800E900A39C89 /* Frameworks */,
				2626B2EF1D9800E900A39C89 /* Resources */,
			);
			buildRules = (
			);
			dependencies = (
				2626B2F31D9800E900A39C89 /* PBXTargetDependency */,
			);
			name = JXHomepwnerTests;
			productName = JXHomepwnerTests;
			productReference = 2626B2F11D9800E900A39C89 /* JXHomepwnerTests.xctest */;
			productType = "com.apple.product-type.bundle.unit-test";
		};
		2626B2FB1D9800E900A39C89 /* JXHomepwnerUITests */ = {
			isa = PBXNativeTarget;
			buildConfigurationList = 2626B30B1D9800E900A39C89 /* Build configuration list for PBXNativeTarget "JXHomepwnerUITests" */;
			buildPhases = (
				2626B2F81D9800E900A39C89 /* Sources */,
				2626B2F91D9800E900A39C89 /* Frameworks */,
				2626B2FA1D9800E900A39C89 /* Resources */,
			);
			buildRules = (
			);
			dependencies = (
				2626B2FE1D9800E900A39C89 /* PBXTargetDependency */,
			);
			name = JXHomepwnerUITests;
			productName = JXHomepwnerUITests;
			productReference = 2626B2FC1D9800E900A39C89 /* JXHomepwnerUITests.xctest */;
			productType = "com.apple.product-type.bundle.ui-testing";
		};
/* End PBXNativeTarget section */

/* Begin PBXProject section */
		2626B2D01D9800E900A39C89 /* Project object */ = {
			isa = PBXProject;
			attributes = {
				LastUpgradeCheck = 0800;
				ORGANIZATIONNAME = "王加祥";
				TargetAttributes = {
					2626B2D71D9800E900A39C89 = {
						CreatedOnToolsVersion = 8.0;
						DevelopmentTeam = 6F399U28WY;
						ProvisioningStyle = Automatic;
					};
					2626B2F01D9800E900A39C89 = {
						CreatedOnToolsVersion = 8.0;
						ProvisioningStyle = Automatic;
						TestTargetID = 2626B2D71D9800E900A39C89;
					};
					2626B2FB1D9800E900A39C89 = {
						CreatedOnToolsVersion = 8.0;
						ProvisioningStyle = Automatic;
						TestTargetID = 2626B2D71D9800E900A39C89;
					};
				};
			};
			buildConfigurationList = 2626B2D31D9800E900A39C89 /* Build configuration list for PBXProject "JXHomepwner" */;
			compatibilityVersion = "Xcode 3.2";
			developmentRegion = English;
			hasScannedForEncodings = 0;
			knownRegions = (
				en,
				Base,
			);
			mainGroup = 2626B2CF1D9800E900A39C89;
			productRefGroup = 2626B2D91D9800E900A39C89 /* Products */;
			projectDirPath = "";
			projectRoot = "";
			targets = (
				2626B2D71D9800E900A39C89 /* JXHomepwner */,
				2626B2F01D9800E900A39C89 /* JXHomepwnerTests */,
				2626B2FB1D9800E900A39C89 /* JXHomepwnerUITests */,
			);
		};
/* End PBXProject section */

/* Begin PBXResourcesBuildPhase section */
		2626B2D61D9800E900A39C89 /* Resources */ = {
			isa = PBXResourcesBuildPhase;
			buildActionMask = 2147483647;
			files = (
				2626B2EB1D9800E900A39C89 /* LaunchScreen.storyboard in Resources */,
				2626B2E81D9800E900A39C89 /* Assets.xcassets in Resources */,
				2626B2E61D9800E900A39C89 /* Main.storyboard in Resources */,
				26F75CE71DA0001D00A045E4 /* JXDetailViewController.xib in Resources */,
			);
			runOnlyForDeploymentPostprocessing = 0;
		};
		2626B2EF1D9800E900A39C89 /* Resources */ = {
			isa = PBXResourcesBuildPhase;
			buildActionMask = 2147483647;
			files = (
			);
			runOnlyForDeploymentPostprocessing = 0;
		};
		2626B2FA1D9800E900A39C89 /* Resources */ = {
			isa = PBXResourcesBuildPhase;
			buildActionMask = 2147483647;
			files = (
			);
			runOnlyForDeploymentPostprocessing = 0;
		};
/* End PBXResourcesBuildPhase section */

/* Begin PBXSourcesBuildPhase section */
		2626B2D41D9800E900A39C89 /* Sources */ = {
			isa = PBXSourcesBuildPhase;
			buildActionMask = 2147483647;
			files = (
				2626B3161D980B2B00A39C89 /* JXItemStore.m in Sources */,
				2626B2E31D9800E900A39C89 /* ViewController.m in Sources */,
				2626B3101D98052400A39C89 /* JXItemsViewController.m in Sources */,
				2626B2E01D9800E900A39C89 /* AppDelegate.m in Sources */,
				2626B2DD1D9800E900A39C89 /* main.m in Sources */,
				2626B3131D980A3000A39C89 /* JXItem.m in Sources */,
				26F75CE61DA0001D00A045E4 /* JXDetailViewController.m in Sources */,
			);
			runOnlyForDeploymentPostprocessing = 0;
		};
		2626B2ED1D9800E900A39C89 /* Sources */ = {
			isa = PBXSourcesBuildPhase;
			buildActionMask = 2147483647;
			files = (
				2626B2F61D9800E900A39C89 /* JXHomepwnerTests.m in Sources */,
			);
			runOnlyForDeploymentPostprocessing = 0;
		};
		2626B2F81D9800E900A39C89 /* Sources */ = {
			isa = PBXSourcesBuildPhase;
			buildActionMask = 2147483647;
			files = (
				2626B3011D9800E900A39C89 /* JXHomepwnerUITests.m in Sources */,
			);
			runOnlyForDeploymentPostprocessing = 0;
		};
/* End PBXSourcesBuildPhase section */

/* Begin PBXTargetDependency section */
		2626B2F31D9800E900A39C89 /* PBXTargetDependency */ = {
			isa = PBXTargetDependency;
			target = 2626B2D71D9800E900A39C89 /* JXHomepwner */;
			targetProxy = 2626B2F21D9800E900A39C89 /* PBXContainerItemProxy */;
		};
		2626B2FE1D9800E900A39C89 /* PBXTargetDependency */ = {
			isa = PBXTargetDependency;
			target = 2626B2D71D9800E900A39C89 /* JXHomepwner */;
			targetProxy = 2626B2FD1D9800E900A39C89 /* PBXContainerItemProxy */;
		};
/* End PBXTargetDependency section */

/* Begin PBXVariantGroup section */
		2626B2E41D9800E900A39C89 /* Main.storyboard */ = {
			isa = PBXVariantGroup;
			children = (
				2626B2E51D9800E900A39C89 /* Base */,
			);
			name = Main.storyboard;
			sourceTree = "<group>";
		};
		2626B2E91D9800E900A39C89 /* LaunchScreen.storyboard */ = {
			isa = PBXVariantGroup;
			children = (
				2626B2EA1D9800E900A39C89 /* Base */,
			);
			name = LaunchScreen.storyboard;
			sourceTree = "<group>";
		};
/* End PBXVariantGroup section */

/* Begin XCBuildConfiguration section */
		2626B3031D9800E900A39C89 /* Debug */ = {
			isa = XCBuildConfiguration;
			buildSettings = {
				ALWAYS_SEARCH_USER_PATHS = NO;
				CLANG_ANALYZER_NONNULL = YES;
				CLANG_CXX_LANGUAGE_STANDARD = "gnu++0x";
				CLANG_CXX_LIBRARY = "libc++";
				CLANG_ENABLE_MODULES = YES;
				CLANG_ENABLE_OBJC_ARC = YES;
				CLANG_WARN_BOOL_CONVERSION = YES;
				CLANG_WARN_CONSTANT_CONVERSION = YES;
				CLANG_WARN_DIRECT_OBJC_ISA_USAGE = YES_ERROR;
				CLANG_WARN_DOCUMENTATION_COMMENTS = YES;
				CLANG_WARN_EMPTY_BODY = YES;
				CLANG_WARN_ENUM_CONVERSION = YES;
				CLANG_WARN_INFINITE_RECURSION = YES;
				CLANG_WARN_INT_CONVERSION = YES;
				CLANG_WARN_OBJC_ROOT_CLASS = YES_ERROR;
				CLANG_WARN_SUSPICIOUS_MOVES = YES;
				CLANG_WARN_UNREACHABLE_CODE = YES;
				CLANG_WARN__DUPLICATE_METHOD_MATCH = YES;
				"CODE_SIGN_IDENTITY[sdk=iphoneos*]" = "iPhone Developer";
				COPY_PHASE_STRIP = NO;
				DEBUG_INFORMATION_FORMAT = dwarf;
				ENABLE_STRICT_OBJC_MSGSEND = YES;
				ENABLE_TESTABILITY = YES;
				GCC_C_LANGUAGE_STANDARD = gnu99;
				GCC_DYNAMIC_NO_PIC = NO;
				GCC_NO_COMMON_BLOCKS = YES;
				GCC_OPTIMIZATION_LEVEL = 0;
				GCC_PREPROCESSOR_DEFINITIONS = (
					"DEBUG=1",
					"$(inherited)",
				);
				GCC_WARN_64_TO_32_BIT_CONVERSION = YES;
				GCC_WARN_ABOUT_RETURN_TYPE = YES_ERROR;
				GCC_WARN_UNDECLARED_SELECTOR = YES;
				GCC_WARN_UNINITIALIZED_AUTOS = YES_AGGRESSIVE;
				GCC_WARN_UNUSED_FUNCTION = YES;
				GCC_WARN_UNUSED_VARIABLE = YES;
				IPHONEOS_DEPLOYMENT_TARGET = 10.0;
				MTL_ENABLE_DEBUG_INFO = YES;
				ONLY_ACTIVE_ARCH = YES;
				SDKROOT = iphoneos;
			};
			name = Debug;
		};
		2626B3041D9800E900A39C89 /* Release */ = {
			isa = XCBuildConfiguration;
			buildSettings = {
				ALWAYS_SEARCH_USER_PATHS = NO;
				CLANG_ANALYZER_NONNULL = YES;
				CLANG_CXX_LANGUAGE_STANDARD = "gnu++0x";
				CLANG_CXX_LIBRARY = "libc++";
				CLANG_ENABLE_MODULES = YES;
				CLANG_ENABLE_OBJC_ARC = YES;
				CLANG_WARN_BOOL_CONVERSION = YES;
				CLANG_WARN_CONSTANT_CONVERSION = YES;
				CLANG_WARN_DIRECT_OBJC_ISA_USAGE = YES_ERROR;
				CLANG_WARN_DOCUMENTATION_COMMENTS = YES;
				CLANG_WARN_EMPTY_BODY = YES;
				CLANG_WARN_ENUM_CONVERSION = YES;
				CLANG_WARN_INFINITE_RECURSION = YES;
				CLANG_WARN_INT_CONVERSION = YES;
				CLANG_WARN_OBJC_ROOT_CLASS = YES_ERROR;
				CLANG_WARN_SUSPICIOUS_MOVES = YES;
				CLANG_WARN_UNREACHABLE_CODE = YES;
				CLANG_WARN__DUPLICATE_METHOD_MATCH = YES;
				"CODE_SIGN_IDENTITY[sdk=iphoneos*]" = "iPhone Developer";
				COPY_PHASE_STRIP = NO;
				DEBUG_INFORMATION_FORMAT = "dwarf-with-dsym";
				ENABLE_NS_ASSERTIONS = NO;
				ENABLE_STRICT_OBJC_MSGSEND = YES;
				GCC_C_LANGUAGE_STANDARD = gnu99;
				GCC_NO_COMMON_BLOCKS = YES;
				GCC_WARN_64_TO_32_BIT_CONVERSION = YES;
				GCC_WARN_ABOUT_RETURN_TYPE = YES_ERROR;
				GCC_WARN_UNDECLARED_SELECTOR = YES;
				GCC_WARN_UNINITIALIZED_AUTOS = YES_AGGRESSIVE;
				GCC_WARN_UNUSED_FUNCTION = YES;
				GCC_WARN_UNUSED_VARIABLE = YES;
				IPHONEOS_DEPLOYMENT_TARGET = 10.0;
				MTL_ENABLE_DEBUG_INFO = NO;
				SDKROOT = iphoneos;
				VALIDATE_PRODUCT = YES;
			};
			name = Release;
		};
		2626B3061D9800E900A39C89 /* Debug */ = {
			isa = XCBuildConfiguration;
			buildSettings = {
				ASSETCATALOG_COMPILER_APPICON_NAME = AppIcon;
				DEVELOPMENT_TEAM = 6F399U28WY;
				INFOPLIST_FILE = JXHomepwner/Info.plist;
				LD_RUNPATH_SEARCH_PATHS = "$(inherited) @executable_path/Frameworks";
				PRODUCT_BUNDLE_IDENTIFIER = com.rookieJX.JXHomepwner;
				PRODUCT_NAME = "$(TARGET_NAME)";
			};
			name = Debug;
		};
		2626B3071D9800E900A39C89 /* Release */ = {
			isa = XCBuildConfiguration;
			buildSettings = {
				ASSETCATALOG_COMPILER_APPICON_NAME = AppIcon;
				DEVELOPMENT_TEAM = 6F399U28WY;
				INFOPLIST_FILE = JXHomepwner/Info.plist;
				LD_RUNPATH_SEARCH_PATHS = "$(inherited) @executable_path/Frameworks";
				PRODUCT_BUNDLE_IDENTIFIER = com.rookieJX.JXHomepwner;
				PRODUCT_NAME = "$(TARGET_NAME)";
			};
			name = Release;
		};
		2626B3091D9800E900A39C89 /* Debug */ = {
			isa = XCBuildConfiguration;
			buildSettings = {
				BUNDLE_LOADER = "$(TEST_HOST)";
				INFOPLIST_FILE = JXHomepwnerTests/Info.plist;
				LD_RUNPATH_SEARCH_PATHS = "$(inherited) @executable_path/Frameworks @loader_path/Frameworks";
				PRODUCT_BUNDLE_IDENTIFIER = com.rookieJX.JXHomepwnerTests;
				PRODUCT_NAME = "$(TARGET_NAME)";
				TEST_HOST = "$(BUILT_PRODUCTS_DIR)/JXHomepwner.app/JXHomepwner";
			};
			name = Debug;
		};
		2626B30A1D9800E900A39C89 /* Release */ = {
			isa = XCBuildConfiguration;
			buildSettings = {
				BUNDLE_LOADER = "$(TEST_HOST)";
				INFOPLIST_FILE = JXHomepwnerTests/Info.plist;
				LD_RUNPATH_SEARCH_PATHS = "$(inherited) @executable_path/Frameworks @loader_path/Frameworks";
				PRODUCT_BUNDLE_IDENTIFIER = com.rookieJX.JXHomepwnerTests;
				PRODUCT_NAME = "$(TARGET_NAME)";
				TEST_HOST = "$(BUILT_PRODUCTS_DIR)/JXHomepwner.app/JXHomepwner";
			};
			name = Release;
		};
		2626B30C1D9800E900A39C89 /* Debug */ = {
			isa = XCBuildConfiguration;
			buildSettings = {
				INFOPLIST_FILE = JXHomepwnerUITests/Info.plist;
				LD_RUNPATH_SEARCH_PATHS = "$(inherited) @executable_path/Frameworks @loader_path/Frameworks";
				PRODUCT_BUNDLE_IDENTIFIER = com.rookieJX.JXHomepwnerUITests;
				PRODUCT_NAME = "$(TARGET_NAME)";
				TEST_TARGET_NAME = JXHomepwner;
			};
			name = Debug;
		};
		2626B30D1D9800E900A39C89 /* Release */ = {
			isa = XCBuildConfiguration;
			buildSettings = {
				INFOPLIST_FILE = JXHomepwnerUITests/Info.plist;
				LD_RUNPATH_SEARCH_PATHS = "$(inherited) @executable_path/Frameworks @loader_path/Frameworks";
				PRODUCT_BUNDLE_IDENTIFIER = com.rookieJX.JXHomepwnerUITests;
				PRODUCT_NAME = "$(TARGET_NAME)";
				TEST_TARGET_NAME = JXHomepwner;
			};
			name = Release;
		};
/* End XCBuildConfiguration section */

/* Begin XCConfigurationList section */
		2626B2D31D9800E900A39C89 /* Build configuration list for PBXProject "JXHomepwner" */ = {
			isa = XCConfigurationList;
			buildConfigurations = (
				2626B3031D9800E900A39C89 /* Debug */,
				2626B3041D9800E900A39C89 /* Release */,
			);
			defaultConfigurationIsVisible = 0;
			defaultConfigurationName = Release;
		};
		2626B3051D9800E900A39C89 /* Build configuration list for PBXNativeTarget "JXHomepwner" */ = {
			isa = XCConfigurationList;
			buildConfigurations = (
				2626B3061D9800E900A39C89 /* Debug */,
				2626B3071D9800E900A39C89 /* Release */,
			);
			defaultConfigurationIsVisible = 0;
			defaultConfigurationName = Release;
		};
		2626B3081D9800E900A39C89 /* Build configuration list for PBXNativeTarget "JXHomepwnerTests" */ = {
			isa = XCConfigurationList;
			buildConfigurations = (
				2626B3091D9800E900A39C89 /* Debug */,
				2626B30A1D9800E900A39C89 /* Release */,
			);
			defaultConfigurationIsVisible = 0;
			defaultConfigurationName = Release;
		};
		2626B30B1D9800E900A39C89 /* Build configuration list for PBXNativeTarget "JXHomepwnerUITests" */ = {
			isa = XCConfigurationList;
			buildConfigurations = (
				2626B30C1D9800E900A39C89 /* Debug */,
				2626B30D1D9800E900A39C89 /* Release */,
			);
			defaultConfigurationIsVisible = 0;
			defaultConfigurationName = Release;
		};
/* End XCConfigurationList section */
	};
	rootObject = 2626B2D01D9800E900A39C89 /* Project object */;
}
